
Microsoft Visual Studio Solution File, Format Version 12.00
# Visual Studio 15
VisualStudioVersion = 15.0.28010.2036
MinimumVisualStudioVersion = 10.0.40219.1
Project("{FAE04EC0-301F-11D3-BF4B-00C04F79EFBC}") = "NetHttp", "NetHttp\NetHttp.csproj", "{52E51C01-A7A3-4838-BF5A-F6646C689E2F}"
EndProject
Global
	GlobalSection(SolutionConfigurationPlatforms) = preSolution
		Debug|Any CPU = Debug|Any CPU
		Release|Any CPU = Release|Any CPU
	EndGlobalSection
	GlobalSection(ProjectConfigurationPlatforms) = postSolution
		{52E51C01-A7A3-4838-BF5A-F6646C689E2F}.Debug|Any CPU.ActiveCfg = Debug|Any CPU
		{52E51C01-A7A3-4838-BF5A-F6646C689E2F}.Debug|Any CPU.Build.0 = Debug|Any CPU
		{52E51C01-A7A3-4838-BF5A-F6646C689E2F}.Release|Any CPU.ActiveCfg = Release|Any CPU
		{52E51C01-A7A3-4838-BF5A-F6646C689E2F}.Release|Any CPU.Build.0 = Release|Any CPU
	EndGlobalSection
	GlobalSection(SolutionProperties) = preSolution
		HideSolutionNode = FALSE
	EndGlobalSection
	GlobalSection(ExtensibilityGlobals) = postSolution
		SolutionGuid = {46DB6CB3-B76B-4B56-A91C-E98A6BA368B8}
	EndGlobalSection
EndGlobal
